
Microsoft Visual Studio Solution File, Format Version 12.00
# Visual Studio Version 16
VisualStudioVersion = 16.0.32106.194
MinimumVisualStudioVersion = 10.0.40219.1
Project("{FAE04EC0-301F-11D3-BF4B-00C04F79EFBC}") = "Uri1020", "Uri1020\Uri1020.csproj", "{2B0F594B-0C73-4CA5-B875-290A92AF3873}"
EndProject
Global
	GlobalSection(SolutionConfigurationPlatforms) = preSolution
		Debug|Any CPU = Debug|Any CPU
		Release|Any CPU = Release|Any CPU
	EndGlobalSection
	GlobalSection(ProjectConfigurationPlatforms) = postSolution
		{2B0F594B-0C73-4CA5-B875-290A92AF3873}.Debug|Any CPU.ActiveCfg = Debug|Any CPU
		{2B0F594B-0C73-4CA5-B875-290A92AF3873}.Debug|Any CPU.Build.0 = Debug|Any CPU
		{2B0F594B-0C73-4CA5-B875-290A92AF3873}.Release|Any CPU.ActiveCfg = Release|Any CPU
		{2B0F594B-0C73-4CA5-B875-290A92AF3873}.Release|Any CPU.Build.0 = Release|Any CPU
	EndGlobalSection
	GlobalSection(SolutionProperties) = preSolution
		HideSolutionNode = FALSE
	EndGlobalSection
	GlobalSection(ExtensibilityGlobals) = postSolution
		SolutionGuid = {A7042BB7-DDEA-4FA7-9B87-0F88FA3B4274}
	EndGlobalSection
EndGlobal
